
Microsoft Visual Studio Solution File, Format Version 12.00
# Visual Studio Version 16
VisualStudioVersion = 16.0.30907.101
MinimumVisualStudioVersion = 10.0.40219.1
Project("{FAE04EC0-301F-11D3-BF4B-00C04F79EFBC}") = "CheatManagerZero", "CheatManagerZero\CheatManagerZero.csproj", "{28815E45-FDBE-4DB9-90E9-90F17E3BAE28}"
EndProject
Project("{FAE04EC0-301F-11D3-BF4B-00C04F79EFBC}") = "SlotExtenderZero", "SlotExtenderZero\SlotExtenderZero.csproj", "{0F852683-7A27-4146-866E-388660B6CAB3}"
EndProject
Project("{FAE04EC0-301F-11D3-BF4B-00C04F79EFBC}") = "QuickSlotExtenderZero", "QuickSlotExtenderZero\QuickSlotExtenderZero.csproj", "{D4E165B7-7307-41C7-A98A-274F354E042B}"
EndProject
Project("{D954291E-2A0B-460D-934E-DC6B0785DB48}") = "BZCommon", "BZCommon\BZCommon.shproj", "{58CA8C1C-305B-4E2D-9652-499E90B8052C}"
EndProject
Project("{FAE04EC0-301F-11D3-BF4B-00C04F79EFBC}") = "RuntimeHelperZero", "RuntimeHelperZero\RuntimeHelperZero.csproj", "{B85E6D34-ABED-4E6F-9A66-D84F423225BE}"
EndProject
Project("{FAE04EC0-301F-11D3-BF4B-00C04F79EFBC}") = "SeaTruckArms", "SeaTruckArms\SeaTruckArms.csproj", "{5FC8EF29-FF7F-4842-9116-24D45F03DF73}"
	ProjectSection(ProjectDependencies) = postProject
		{6988490C-7468-4959-8845-BF05AB6E9D27} = {6988490C-7468-4959-8845-BF05AB6E9D27}
		{0F852683-7A27-4146-866E-388660B6CAB3} = {0F852683-7A27-4146-866E-388660B6CAB3}
	EndProjectSection
EndProject
Project("{FAE04EC0-301F-11D3-BF4B-00C04F79EFBC}") = "SeaTruckStorage", "SeaTruckStorageModule\SeaTruckStorage.csproj", "{EE3D970B-4968-4D83-87DD-3BA9644CF908}"
	ProjectSection(ProjectDependencies) = postProject
		{0F852683-7A27-4146-866E-388660B6CAB3} = {0F852683-7A27-4146-866E-388660B6CAB3}
	EndProjectSection
EndProject
Project("{FAE04EC0-301F-11D3-BF4B-00C04F79EFBC}") = "SeaTruckDepthUpgrades", "SeaTruckDepthUpgrades\SeaTruckDepthUpgrades.csproj", "{AC915DB0-9608-40FE-8031-7D0CD642B496}"
	ProjectSection(ProjectDependencies) = postProject
		{0F852683-7A27-4146-866E-388660B6CAB3} = {0F852683-7A27-4146-866E-388660B6CAB3}
	EndProjectSection
EndProject
Project("{FAE04EC0-301F-11D3-BF4B-00C04F79EFBC}") = "SeaTruckSpeedUpgrades", "SeaTruckSpeedUpgrades\SeaTruckSpeedUpgrades.csproj", "{73262D03-B67A-4A26-BE55-0D48FB01C5C5}"
	ProjectSection(ProjectDependencies) = postProject
		{0F852683-7A27-4146-866E-388660B6CAB3} = {0F852683-7A27-4146-866E-388660B6CAB3}
	EndProjectSection
EndProject
Project("{FAE04EC0-301F-11D3-BF4B-00C04F79EFBC}") = "BZTestMOD", "BZTestMOD\BZTestMOD.csproj", "{19E4DB80-1D67-4F15-94B4-CA8FC7CE0C9B}"
EndProject
Project("{FAE04EC0-301F-11D3-BF4B-00C04F79EFBC}") = "SeaTruckArmorUpgrades", "SeaTruckArmorUpgrades\SeaTruckArmorUpgrades.csproj", "{77FAAE6B-6D26-4339-8B74-47CF8849CF0E}"
	ProjectSection(ProjectDependencies) = postProject
		{0F852683-7A27-4146-866E-388660B6CAB3} = {0F852683-7A27-4146-866E-388660B6CAB3}
	EndProjectSection
EndProject
Project("{FAE04EC0-301F-11D3-BF4B-00C04F79EFBC}") = "ZHelper", "ZHelper\ZHelper.csproj", "{A498DF95-E5D0-4059-9636-7B68189BB8EA}"
EndProject
Project("{FAE04EC0-301F-11D3-BF4B-00C04F79EFBC}") = "SeaTruckFlyModule", "SeaTruckFlyModule\SeaTruckFlyModule.csproj", "{B475C426-B556-45CD-A2E4-457385418CA0}"
	ProjectSection(ProjectDependencies) = postProject
		{0F852683-7A27-4146-866E-388660B6CAB3} = {0F852683-7A27-4146-866E-388660B6CAB3}
	EndProjectSection
EndProject
Project("{FAE04EC0-301F-11D3-BF4B-00C04F79EFBC}") = "Fahrenheit", "Fahrenheit\Fahrenheit.csproj", "{88C1C528-6E44-424E-B9EE-A609BD58F5C9}"
EndProject
Project("{FAE04EC0-301F-11D3-BF4B-00C04F79EFBC}") = "RotateMoonPool", "RotateMoonPool\RotateMoonPool.csproj", "{825442BC-3C08-4870-901E-1346E731622D}"
EndProject
Project("{FAE04EC0-301F-11D3-BF4B-00C04F79EFBC}") = "FreezeCannon", "FreezeCannon\FreezeCannon.csproj", "{69527ED3-70EF-4314-9832-C4650B720BA6}"
EndProject
Project("{FAE04EC0-301F-11D3-BF4B-00C04F79EFBC}") = "SeaTruckArmAPITest", "SeaTruckArmAPITest\SeaTruckArmAPITest.csproj", "{998CC32C-EB44-4088-A1C3-53177A75B3AE}"
	ProjectSection(ProjectDependencies) = postProject
		{5FC8EF29-FF7F-4842-9116-24D45F03DF73} = {5FC8EF29-FF7F-4842-9116-24D45F03DF73}
	EndProjectSection
EndProject
Project("{FAE04EC0-301F-11D3-BF4B-00C04F79EFBC}") = "SeaTruckScannerModule", "SeaTruckScannerModule\SeaTruckScannerModule.csproj", "{54EB8748-47D0-40C6-9FBB-822DD59B40AC}"
	ProjectSection(ProjectDependencies) = postProject
		{0F852683-7A27-4146-866E-388660B6CAB3} = {0F852683-7A27-4146-866E-388660B6CAB3}
	EndProjectSection
EndProject
Project("{FAE04EC0-301F-11D3-BF4B-00C04F79EFBC}") = "HoverbikeWaterRideModule", "HoverbikeWaterRideModule\HoverbikeWaterRideModule.csproj", "{5A6307B5-9B72-4F25-82BA-DFC8737D4821}"
EndProject
Project("{FAE04EC0-301F-11D3-BF4B-00C04F79EFBC}") = "ModdedArmsHelperBZ", "ModdedArmsHelperBZ\ModdedArmsHelperBZ.csproj", "{6988490C-7468-4959-8845-BF05AB6E9D27}"
EndProject
Project("{FAE04EC0-301F-11D3-BF4B-00C04F79EFBC}") = "FreezeCannonArm", "FreezeCannonArm\FreezeCannonArm.csproj", "{8E1EA1E6-DDDD-4A5C-922D-E309047DAA3F}"
EndProject
Project("{D954291E-2A0B-460D-934E-DC6B0785DB48}") = "BZHelper", "BZHelper\BZHelper.shproj", "{B8E53249-194A-48A0-8F97-09882E5FC993}"
EndProject
Project("{FAE04EC0-301F-11D3-BF4B-00C04F79EFBC}") = "AdvancedBatteries", "AdvancedBatteries\AdvancedBatteries.csproj", "{CF589CF9-7938-493F-A6A1-1BE9579813AB}"
EndProject
Global
	GlobalSection(SharedMSBuildProjectFiles) = preSolution
		BZCommon\BZCommon.projitems*{0f852683-7a27-4146-866e-388660b6cab3}*SharedItemsImports = 4
		BZHelper\BZHelper.projitems*{0f852683-7a27-4146-866e-388660b6cab3}*SharedItemsImports = 4
		BZCommon\BZCommon.projitems*{19e4db80-1d67-4f15-94b4-ca8fc7ce0c9b}*SharedItemsImports = 4
		BZCommon\BZCommon.projitems*{28815e45-fdbe-4db9-90e9-90f17e3bae28}*SharedItemsImports = 4
		BZHelper\BZHelper.projitems*{28815e45-fdbe-4db9-90e9-90f17e3bae28}*SharedItemsImports = 4
		BZHelper\BZHelper.projitems*{54eb8748-47d0-40c6-9fbb-822dd59b40ac}*SharedItemsImports = 4
		BZCommon\BZCommon.projitems*{58ca8c1c-305b-4e2d-9652-499e90b8052c}*SharedItemsImports = 13
		BZCommon\BZCommon.projitems*{5a6307b5-9b72-4f25-82ba-dfc8737d4821}*SharedItemsImports = 4
		BZHelper\BZHelper.projitems*{69527ed3-70ef-4314-9832-c4650b720ba6}*SharedItemsImports = 4
		BZHelper\BZHelper.projitems*{6988490c-7468-4959-8845-bf05ab6e9d27}*SharedItemsImports = 4
		BZHelper\BZHelper.projitems*{73262d03-b67a-4a26-be55-0d48fb01c5c5}*SharedItemsImports = 4
		BZHelper\BZHelper.projitems*{77faae6b-6d26-4339-8b74-47cf8849cf0e}*SharedItemsImports = 4
		BZHelper\BZHelper.projitems*{ac915db0-9608-40fe-8031-7d0cd642b496}*SharedItemsImports = 4
		BZCommon\BZCommon.projitems*{b475c426-b556-45cd-a2e4-457385418ca0}*SharedItemsImports = 4
		BZCommon\BZCommon.projitems*{b85e6d34-abed-4e6f-9a66-d84f423225be}*SharedItemsImports = 4
		BZHelper\BZHelper.projitems*{b85e6d34-abed-4e6f-9a66-d84f423225be}*SharedItemsImports = 4
		BZHelper\BZHelper.projitems*{b8e53249-194a-48a0-8f97-09882e5fc993}*SharedItemsImports = 13
		BZHelper\BZHelper.projitems*{cf589cf9-7938-493f-a6a1-1be9579813ab}*SharedItemsImports = 4
		BZCommon\BZCommon.projitems*{d4e165b7-7307-41c7-a98a-274f354e042b}*SharedItemsImports = 4
		BZHelper\BZHelper.projitems*{d4e165b7-7307-41c7-a98a-274f354e042b}*SharedItemsImports = 4
		BZHelper\BZHelper.projitems*{ee3d970b-4968-4d83-87dd-3ba9644cf908}*SharedItemsImports = 4
	EndGlobalSection
	GlobalSection(SolutionConfigurationPlatforms) = preSolution
		Debug|Any CPU = Debug|Any CPU
		Release|Any CPU = Release|Any CPU
		Trace|Any CPU = Trace|Any CPU
	EndGlobalSection
	GlobalSection(ProjectConfigurationPlatforms) = postSolution
		{28815E45-FDBE-4DB9-90E9-90F17E3BAE28}.Debug|Any CPU.ActiveCfg = Debug|Any CPU
		{28815E45-FDBE-4DB9-90E9-90F17E3BAE28}.Debug|Any CPU.Build.0 = Debug|Any CPU
		{28815E45-FDBE-4DB9-90E9-90F17E3BAE28}.Release|Any CPU.ActiveCfg = Release|Any CPU
		{28815E45-FDBE-4DB9-90E9-90F17E3BAE28}.Release|Any CPU.Build.0 = Release|Any CPU
		{28815E45-FDBE-4DB9-90E9-90F17E3BAE28}.Trace|Any CPU.ActiveCfg = Trace|Any CPU
		{28815E45-FDBE-4DB9-90E9-90F17E3BAE28}.Trace|Any CPU.Build.0 = Trace|Any CPU
		{0F852683-7A27-4146-866E-388660B6CAB3}.Debug|Any CPU.ActiveCfg = Debug|Any CPU
		{0F852683-7A27-4146-866E-388660B6CAB3}.Debug|Any CPU.Build.0 = Debug|Any CPU
		{0F852683-7A27-4146-866E-388660B6CAB3}.Release|Any CPU.ActiveCfg = Release|Any CPU
		{0F852683-7A27-4146-866E-388660B6CAB3}.Release|Any CPU.Build.0 = Release|Any CPU
		{0F852683-7A27-4146-866E-388660B6CAB3}.Trace|Any CPU.ActiveCfg = Trace|Any CPU
		{0F852683-7A27-4146-866E-388660B6CAB3}.Trace|Any CPU.Build.0 = Trace|Any CPU
		{D4E165B7-7307-41C7-A98A-274F354E042B}.Debug|Any CPU.ActiveCfg = Debug|Any CPU
		{D4E165B7-7307-41C7-A98A-274F354E042B}.Debug|Any CPU.Build.0 = Debug|Any CPU
		{D4E165B7-7307-41C7-A98A-274F354E042B}.Release|Any CPU.ActiveCfg = Release|Any CPU
		{D4E165B7-7307-41C7-A98A-274F354E042B}.Release|Any CPU.Build.0 = Release|Any CPU
		{D4E165B7-7307-41C7-A98A-274F354E042B}.Trace|Any CPU.ActiveCfg = Release|Any CPU
		{B85E6D34-ABED-4E6F-9A66-D84F423225BE}.Debug|Any CPU.ActiveCfg = Debug|Any CPU
		{B85E6D34-ABED-4E6F-9A66-D84F423225BE}.Debug|Any CPU.Build.0 = Debug|Any CPU
		{B85E6D34-ABED-4E6F-9A66-D84F423225BE}.Release|Any CPU.ActiveCfg = Release|Any CPU
		{B85E6D34-ABED-4E6F-9A66-D84F423225BE}.Release|Any CPU.Build.0 = Release|Any CPU
		{B85E6D34-ABED-4E6F-9A66-D84F423225BE}.Trace|Any CPU.ActiveCfg = Trace|Any CPU
		{B85E6D34-ABED-4E6F-9A66-D84F423225BE}.Trace|Any CPU.Build.0 = Trace|Any CPU
		{5FC8EF29-FF7F-4842-9116-24D45F03DF73}.Debug|Any CPU.ActiveCfg = Debug|Any CPU
		{5FC8EF29-FF7F-4842-9116-24D45F03DF73}.Debug|Any CPU.Build.0 = Debug|Any CPU
		{5FC8EF29-FF7F-4842-9116-24D45F03DF73}.Release|Any CPU.ActiveCfg = Release|Any CPU
		{5FC8EF29-FF7F-4842-9116-24D45F03DF73}.Release|Any CPU.Build.0 = Release|Any CPU
		{5FC8EF29-FF7F-4842-9116-24D45F03DF73}.Trace|Any CPU.ActiveCfg = Trace|Any CPU
		{5FC8EF29-FF7F-4842-9116-24D45F03DF73}.Trace|Any CPU.Build.0 = Trace|Any CPU
		{EE3D970B-4968-4D83-87DD-3BA9644CF908}.Debug|Any CPU.ActiveCfg = Debug|Any CPU
		{EE3D970B-4968-4D83-87DD-3BA9644CF908}.Debug|Any CPU.Build.0 = Debug|Any CPU
		{EE3D970B-4968-4D83-87DD-3BA9644CF908}.Release|Any CPU.ActiveCfg = Release|Any CPU
		{EE3D970B-4968-4D83-87DD-3BA9644CF908}.Release|Any CPU.Build.0 = Release|Any CPU
		{EE3D970B-4968-4D83-87DD-3BA9644CF908}.Trace|Any CPU.ActiveCfg = Trace|Any CPU
		{EE3D970B-4968-4D83-87DD-3BA9644CF908}.Trace|Any CPU.Build.0 = Trace|Any CPU
		{AC915DB0-9608-40FE-8031-7D0CD642B496}.Debug|Any CPU.ActiveCfg = Debug|Any CPU
		{AC915DB0-9608-40FE-8031-7D0CD642B496}.Debug|Any CPU.Build.0 = Debug|Any CPU
		{AC915DB0-9608-40FE-8031-7D0CD642B496}.Release|Any CPU.ActiveCfg = Release|Any CPU
		{AC915DB0-9608-40FE-8031-7D0CD642B496}.Release|Any CPU.Build.0 = Release|Any CPU
		{AC915DB0-9608-40FE-8031-7D0CD642B496}.Trace|Any CPU.ActiveCfg = Trace|Any CPU
		{AC915DB0-9608-40FE-8031-7D0CD642B496}.Trace|Any CPU.Build.0 = Trace|Any CPU
		{73262D03-B67A-4A26-BE55-0D48FB01C5C5}.Debug|Any CPU.ActiveCfg = Debug|Any CPU
		{73262D03-B67A-4A26-BE55-0D48FB01C5C5}.Debug|Any CPU.Build.0 = Debug|Any CPU
		{73262D03-B67A-4A26-BE55-0D48FB01C5C5}.Release|Any CPU.ActiveCfg = Release|Any CPU
		{73262D03-B67A-4A26-BE55-0D48FB01C5C5}.Release|Any CPU.Build.0 = Release|Any CPU
		{73262D03-B67A-4A26-BE55-0D48FB01C5C5}.Trace|Any CPU.ActiveCfg = Trace|Any CPU
		{73262D03-B67A-4A26-BE55-0D48FB01C5C5}.Trace|Any CPU.Build.0 = Trace|Any CPU
		{19E4DB80-1D67-4F15-94B4-CA8FC7CE0C9B}.Debug|Any CPU.ActiveCfg = Debug|Any CPU
		{19E4DB80-1D67-4F15-94B4-CA8FC7CE0C9B}.Debug|Any CPU.Build.0 = Debug|Any CPU
		{19E4DB80-1D67-4F15-94B4-CA8FC7CE0C9B}.Release|Any CPU.ActiveCfg = Release|Any CPU
		{19E4DB80-1D67-4F15-94B4-CA8FC7CE0C9B}.Release|Any CPU.Build.0 = Release|Any CPU
		{19E4DB80-1D67-4F15-94B4-CA8FC7CE0C9B}.Trace|Any CPU.ActiveCfg = Release|Any CPU
		{77FAAE6B-6D26-4339-8B74-47CF8849CF0E}.Debug|Any CPU.ActiveCfg = Debug|Any CPU
		{77FAAE6B-6D26-4339-8B74-47CF8849CF0E}.Debug|Any CPU.Build.0 = Debug|Any CPU
		{77FAAE6B-6D26-4339-8B74-47CF8849CF0E}.Release|Any CPU.ActiveCfg = Release|Any CPU
		{77FAAE6B-6D26-4339-8B74-47CF8849CF0E}.Release|Any CPU.Build.0 = Release|Any CPU
		{77FAAE6B-6D26-4339-8B74-47CF8849CF0E}.Trace|Any CPU.ActiveCfg = Trace|Any CPU
		{77FAAE6B-6D26-4339-8B74-47CF8849CF0E}.Trace|Any CPU.Build.0 = Trace|Any CPU
		{A498DF95-E5D0-4059-9636-7B68189BB8EA}.Debug|Any CPU.ActiveCfg = Debug|Any CPU
		{A498DF95-E5D0-4059-9636-7B68189BB8EA}.Debug|Any CPU.Build.0 = Debug|Any CPU
		{A498DF95-E5D0-4059-9636-7B68189BB8EA}.Release|Any CPU.ActiveCfg = Release|Any CPU
		{A498DF95-E5D0-4059-9636-7B68189BB8EA}.Release|Any CPU.Build.0 = Release|Any CPU
		{A498DF95-E5D0-4059-9636-7B68189BB8EA}.Trace|Any CPU.ActiveCfg = Release|Any CPU
		{B475C426-B556-45CD-A2E4-457385418CA0}.Debug|Any CPU.ActiveCfg = Debug|Any CPU
		{B475C426-B556-45CD-A2E4-457385418CA0}.Debug|Any CPU.Build.0 = Debug|Any CPU
		{B475C426-B556-45CD-A2E4-457385418CA0}.Release|Any CPU.ActiveCfg = Release|Any CPU
		{B475C426-B556-45CD-A2E4-457385418CA0}.Release|Any CPU.Build.0 = Release|Any CPU
		{B475C426-B556-45CD-A2E4-457385418CA0}.Trace|Any CPU.ActiveCfg = Release|Any CPU
		{88C1C528-6E44-424E-B9EE-A609BD58F5C9}.Debug|Any CPU.ActiveCfg = Debug|Any CPU
		{88C1C528-6E44-424E-B9EE-A609BD58F5C9}.Debug|Any CPU.Build.0 = Debug|Any CPU
		{88C1C528-6E44-424E-B9EE-A609BD58F5C9}.Release|Any CPU.ActiveCfg = Release|Any CPU
		{88C1C528-6E44-424E-B9EE-A609BD58F5C9}.Release|Any CPU.Build.0 = Release|Any CPU
		{88C1C528-6E44-424E-B9EE-A609BD58F5C9}.Trace|Any CPU.ActiveCfg = Release|Any CPU
		{825442BC-3C08-4870-901E-1346E731622D}.Debug|Any CPU.ActiveCfg = Debug|Any CPU
		{825442BC-3C08-4870-901E-1346E731622D}.Debug|Any CPU.Build.0 = Debug|Any CPU
		{825442BC-3C08-4870-901E-1346E731622D}.Release|Any CPU.ActiveCfg = Release|Any CPU
		{825442BC-3C08-4870-901E-1346E731622D}.Release|Any CPU.Build.0 = Release|Any CPU
		{825442BC-3C08-4870-901E-1346E731622D}.Trace|Any CPU.ActiveCfg = Release|Any CPU
		{69527ED3-70EF-4314-9832-C4650B720BA6}.Debug|Any CPU.ActiveCfg = Debug|Any CPU
		{69527ED3-70EF-4314-9832-C4650B720BA6}.Debug|Any CPU.Build.0 = Debug|Any CPU
		{69527ED3-70EF-4314-9832-C4650B720BA6}.Release|Any CPU.ActiveCfg = Release|Any CPU
		{69527ED3-70EF-4314-9832-C4650B720BA6}.Release|Any CPU.Build.0 = Release|Any CPU
		{69527ED3-70EF-4314-9832-C4650B720BA6}.Trace|Any CPU.ActiveCfg = Trace|Any CPU
		{69527ED3-70EF-4314-9832-C4650B720BA6}.Trace|Any CPU.Build.0 = Trace|Any CPU
		{998CC32C-EB44-4088-A1C3-53177A75B3AE}.Debug|Any CPU.ActiveCfg = Debug|Any CPU
		{998CC32C-EB44-4088-A1C3-53177A75B3AE}.Debug|Any CPU.Build.0 = Debug|Any CPU
		{998CC32C-EB44-4088-A1C3-53177A75B3AE}.Release|Any CPU.ActiveCfg = Release|Any CPU
		{998CC32C-EB44-4088-A1C3-53177A75B3AE}.Release|Any CPU.Build.0 = Release|Any CPU
		{998CC32C-EB44-4088-A1C3-53177A75B3AE}.Trace|Any CPU.ActiveCfg = Release|Any CPU
		{54EB8748-47D0-40C6-9FBB-822DD59B40AC}.Debug|Any CPU.ActiveCfg = Debug|Any CPU
		{54EB8748-47D0-40C6-9FBB-822DD59B40AC}.Debug|Any CPU.Build.0 = Debug|Any CPU
		{54EB8748-47D0-40C6-9FBB-822DD59B40AC}.Release|Any CPU.ActiveCfg = Release|Any CPU
		{54EB8748-47D0-40C6-9FBB-822DD59B40AC}.Release|Any CPU.Build.0 = Release|Any CPU
		{54EB8748-47D0-40C6-9FBB-822DD59B40AC}.Trace|Any CPU.ActiveCfg = Trace|Any CPU
		{54EB8748-47D0-40C6-9FBB-822DD59B40AC}.Trace|Any CPU.Build.0 = Trace|Any CPU
		{5A6307B5-9B72-4F25-82BA-DFC8737D4821}.Debug|Any CPU.ActiveCfg = Debug|Any CPU
		{5A6307B5-9B72-4F25-82BA-DFC8737D4821}.Debug|Any CPU.Build.0 = Debug|Any CPU
		{5A6307B5-9B72-4F25-82BA-DFC8737D4821}.Release|Any CPU.ActiveCfg = Release|Any CPU
		{5A6307B5-9B72-4F25-82BA-DFC8737D4821}.Release|Any CPU.Build.0 = Release|Any CPU
		{5A6307B5-9B72-4F25-82BA-DFC8737D4821}.Trace|Any CPU.ActiveCfg = Release|Any CPU
		{6988490C-7468-4959-8845-BF05AB6E9D27}.Debug|Any CPU.ActiveCfg = Debug|Any CPU
		{6988490C-7468-4959-8845-BF05AB6E9D27}.Debug|Any CPU.Build.0 = Debug|Any CPU
		{6988490C-7468-4959-8845-BF05AB6E9D27}.Release|Any CPU.ActiveCfg = Release|Any CPU
		{6988490C-7468-4959-8845-BF05AB6E9D27}.Release|Any CPU.Build.0 = Release|Any CPU
		{6988490C-7468-4959-8845-BF05AB6E9D27}.Trace|Any CPU.ActiveCfg = Trace|Any CPU
		{6988490C-7468-4959-8845-BF05AB6E9D27}.Trace|Any CPU.Build.0 = Trace|Any CPU
		{8E1EA1E6-DDDD-4A5C-922D-E309047DAA3F}.Debug|Any CPU.ActiveCfg = Debug|Any CPU
		{8E1EA1E6-DDDD-4A5C-922D-E309047DAA3F}.Debug|Any CPU.Build.0 = Debug|Any CPU
		{8E1EA1E6-DDDD-4A5C-922D-E309047DAA3F}.Release|Any CPU.ActiveCfg = Release|Any CPU
		{8E1EA1E6-DDDD-4A5C-922D-E309047DAA3F}.Release|Any CPU.Build.0 = Release|Any CPU
		{8E1EA1E6-DDDD-4A5C-922D-E309047DAA3F}.Trace|Any CPU.ActiveCfg = Trace|Any CPU
		{8E1EA1E6-DDDD-4A5C-922D-E309047DAA3F}.Trace|Any CPU.Build.0 = Trace|Any CPU
		{CF589CF9-7938-493F-A6A1-1BE9579813AB}.Debug|Any CPU.ActiveCfg = Debug|Any CPU
		{CF589CF9-7938-493F-A6A1-1BE9579813AB}.Debug|Any CPU.Build.0 = Debug|Any CPU
		{CF589CF9-7938-493F-A6A1-1BE9579813AB}.Release|Any CPU.ActiveCfg = Release|Any CPU
		{CF589CF9-7938-493F-A6A1-1BE9579813AB}.Release|Any CPU.Build.0 = Release|Any CPU
		{CF589CF9-7938-493F-A6A1-1BE9579813AB}.Trace|Any CPU.ActiveCfg = Debug|Any CPU
		{CF589CF9-7938-493F-A6A1-1BE9579813AB}.Trace|Any CPU.Build.0 = Debug|Any CPU
	EndGlobalSection
	GlobalSection(SolutionProperties) = preSolution
		HideSolutionNode = FALSE
	EndGlobalSection
	GlobalSection(ExtensibilityGlobals) = postSolution
		SolutionGuid = {E9C46594-FA80-44AA-A76E-8AB46F8B6F7A}
	EndGlobalSection
EndGlobal
